
Microsoft Visual Studio Solution File, Format Version 12.00
# Visual Studio Version 17
VisualStudioVersion = 17.13.35919.96 d17.13
MinimumVisualStudioVersion = 10.0.40219.1
Project("{8BC9CEB8-8B4A-11D0-8D11-00A0C91BC942}") = "CSC 223 Map Project", "CSC 223 Map Project.vcxproj", "{F4CBC95B-3EB4-4267-8FE6-9B3FA7011B15}"
EndProject
Global
	GlobalSection(SolutionConfigurationPlatforms) = preSolution
		Debug|x64 = Debug|x64
		Debug|x86 = Debug|x86
		Release|x64 = Release|x64
		Release|x86 = Release|x86
	EndGlobalSection
	GlobalSection(ProjectConfigurationPlatforms) = postSolution
		{F4CBC95B-3EB4-4267-8FE6-9B3FA7011B15}.Debug|x64.ActiveCfg = Debug|x64
		{F4CBC95B-3EB4-4267-8FE6-9B3FA7011B15}.Debug|x64.Build.0 = Debug|x64
		{F4CBC95B-3EB4-4267-8FE6-9B3FA7011B15}.Debug|x86.ActiveCfg = Debug|Win32
		{F4CBC95B-3EB4-4267-8FE6-9B3FA7011B15}.Debug|x86.Build.0 = Debug|Win32
		{F4CBC95B-3EB4-4267-8FE6-9B3FA7011B15}.Release|x64.ActiveCfg = Release|x64
		{F4CBC95B-3EB4-4267-8FE6-9B3FA7011B15}.Release|x64.Build.0 = Release|x64
		{F4CBC95B-3EB4-4267-8FE6-9B3FA7011B15}.Release|x86.ActiveCfg = Release|Win32
		{F4CBC95B-3EB4-4267-8FE6-9B3FA7011B15}.Release|x86.Build.0 = Release|Win32
	EndGlobalSection
	GlobalSection(SolutionProperties) = preSolution
		HideSolutionNode = FALSE
	EndGlobalSection
	GlobalSection(ExtensibilityGlobals) = postSolution
		SolutionGuid = {76FC48A8-6958-4984-B4E4-A0D9FB63A96E}
	EndGlobalSection
EndGlobal
